<?xml version="1.0" encoding="utf-8"?>
<Project ToolsVersion="4.0" xmlns="http://schemas.microsoft.com/developer/msbuild/2003">
  <ItemGroup>
    <ClCompile Include="Render\Camera.cpp">
      <Filter>Render</Filter>
    </ClCompile>
    <ClCompile Include="Render\Render.cpp">
      <Filter>Render</Filter>
    </ClCompile>
    <ClCompile Include="RenderUtils.cpp" />
    <ClCompile Include="main.cpp" />
    <ClCompile Include="callbacks.cpp" />
    <ClCompile Include="Vector3D.cpp" />
    <ClCompile Include="Particle.cpp" />
    <ClCompile Include="Projectile.cpp" />
    <ClCompile Include="Target.cpp" />
    <ClCompile Include="Floor.cpp" />
    <ClCompile Include="SceneProjectiles.cpp" />
    <ClCompile Include="Scene.cpp" />
    <ClCompile Include="ParticleSystem.cpp" />
    <ClCompile Include="ParticleGen.cpp" />
    <ClCompile Include="GaussianGen.cpp" />
    <ClCompile Include="ScenePSystem.cpp" />
    <ClCompile Include="Axis.cpp" />
    <ClCompile Include="UniformGen.cpp" />
    <ClCompile Include="SceneForceSystem.cpp" />
    <ClCompile Include="Player.cpp" />
    <ClCompile Include="SceneProyecto.cpp" />
    <ClCompile Include="ExplosionForceGen.cpp" />
    <ClCompile Include="ForceGenerator.cpp" />
    <ClCompile Include="GravityForceGen.cpp" />
    <ClCompile Include="TornadoForceGen.cpp" />
    <ClCompile Include="WindForceGen.cpp" />
    <ClCompile Include="TrailParticleGen.cpp" />
    <ClCompile Include="WeatherParticleSys.cpp" />
    <ClCompile Include="Obstacle.cpp" />
    <ClCompile Include="Tree.cpp" />
    <ClCompile Include="Environment.cpp" />
    <ClCompile Include="SpringForceGen.cpp" />
    <ClCompile Include="SceneSprings.cpp" />
    <ClCompile Include="SpringParticlesForceGen.cpp" />
    <ClCompile Include="ElasticBandForceGen.cpp" />
    <ClCompile Include="BuoyantForceGen.cpp" />
    <ClCompile Include="SceneBuoyancy.cpp" />
    <ClCompile Include="DragForceGen.cpp" />
    <ClCompile Include="RigidBodyGenerator.cpp" />
    <ClCompile Include="RigidBodySystem.cpp" />
    <ClCompile Include="ForceSystem.cpp" />
    <ClCompile Include="GaussianRBGen.cpp" />
    <ClCompile Include="SceneSolids.cpp" />
    <ClCompile Include="PlayerSolid.cpp" />
    <ClCompile Include="GroundSolid.cpp" />
    <ClCompile Include="ImpulseForceGen.cpp" />
    <ClCompile Include="Snowball.cpp" />
    <ClCompile Include="RigidGameObject.cpp" />
    <ClCompile Include="RigidGameObjectSystem.cpp" />
    <ClCompile Include="SnowballSystem.cpp" />
    <ClCompile Include="SnowballGen.cpp" />
    <ClCompile Include="ObstacleSystem.cpp" />
    <ClCompile Include="ObstacleGen.cpp" />
    <ClCompile Include="Mountain.cpp" />
    <ClCompile Include="FinishFlag.cpp" />
  </ItemGroup>
  <ItemGroup>
    <ClInclude Include="core.hpp" />
    <ClInclude Include="Render\Camera.h">
      <Filter>Render</Filter>
    </ClInclude>
    <ClInclude Include="Render\Render.h">
      <Filter>Render</Filter>
    </ClInclude>
    <ClInclude Include="RenderUtils.hpp" />
    <ClInclude Include="callbacks.hpp" />
    <ClInclude Include="Vector3D.h" />
    <ClInclude Include="Particle.h" />
    <ClInclude Include="Projectile.h" />
    <ClInclude Include="Target.h" />
    <ClInclude Include="Floor.h" />
    <ClInclude Include="Scene.h" />
    <ClInclude Include="SceneProjectiles.h" />
    <ClInclude Include="ParticleSystem.h" />
    <ClInclude Include="ParticleGen.h" />
    <ClInclude Include="GaussianGen.h" />
    <ClInclude Include="ScenePSystem.h" />
    <ClInclude Include="Axis.h" />
    <ClInclude Include="UniformGen.h" />
    <ClInclude Include="SceneForceSystem.h" />
    <ClInclude Include="Player.h" />
    <ClInclude Include="SceneProyecto.h" />
    <ClInclude Include="ExplosionForceGen.h" />
    <ClInclude Include="ForceGenerator.h" />
    <ClInclude Include="GravityForceGen.h" />
    <ClInclude Include="TornadoForceGen.h" />
    <ClInclude Include="WindForceGen.h" />
    <ClInclude Include="TrailParticleGen.h" />
    <ClInclude Include="WeatherParticleSys.h" />
    <ClInclude Include="Obstacle.h" />
    <ClInclude Include="Tree.h" />
    <ClInclude Include="Environment.h" />
    <ClInclude Include="SpringForceGen.h" />
    <ClInclude Include="SceneSprings.h" />
    <ClInclude Include="SpringParticlesForceGen.h" />
    <ClInclude Include="ElasticBandForceGen.h" />
    <ClInclude Include="BuoyantForceGen.h" />
    <ClInclude Include="SceneBuoyancy.h" />
    <ClInclude Include="DragForceGen.h" />
    <ClInclude Include="RigidBodyGenerator.h" />
    <ClInclude Include="RigidBodySystem.h" />
    <ClInclude Include="ForceSystem.h" />
    <ClInclude Include="GaussianRBGen.h" />
    <ClInclude Include="SceneSolids.h" />
    <ClInclude Include="PlayerSolid.h" />
    <ClInclude Include="GroundSolid.h" />
    <ClInclude Include="ImpulseForceGen.h" />
    <ClInclude Include="GameObjectData.h" />
    <ClInclude Include="Snowball.h" />
    <ClInclude Include="RigidGameObject.h" />
    <ClInclude Include="RigidGameObjectSystem.h" />
    <ClInclude Include="SnowballSystem.h" />
    <ClInclude Include="SnowballGen.h" />
    <ClInclude Include="ObstacleSystem.h" />
    <ClInclude Include="ObstacleGen.h" />
    <ClInclude Include="Mountain.h" />
    <ClInclude Include="FinishFlag.h" />
  </ItemGroup>
  <ItemGroup>
    <Filter Include="Render">
      <UniqueIdentifier>{d04b4f9f-5a69-465e-8070-25c6d0bcd3c2}</UniqueIdentifier>
    </Filter>
  </ItemGroup>
</Project>